
Microsoft Visual Studio Solution File, Format Version 12.00
# Visual Studio 2012
Project("{FAE04EC0-301F-11D3-BF4B-00C04F79EFBC}") = "ScanbotCameraViewDemo", "ScanbotCameraViewDemo\ScanbotCameraViewDemo.csproj", "{406168A0-F5DA-45EA-8E81-AD3743A3E38C}"
EndProject
Global
	GlobalSection(SolutionConfigurationPlatforms) = preSolution
		Debug|Any CPU = Debug|Any CPU
		Release|Any CPU = Release|Any CPU
	EndGlobalSection
	GlobalSection(ProjectConfigurationPlatforms) = postSolution
		{406168A0-F5DA-45EA-8E81-AD3743A3E38C}.Debug|Any CPU.ActiveCfg = Debug|Any CPU
		{406168A0-F5DA-45EA-8E81-AD3743A3E38C}.Debug|Any CPU.Build.0 = Debug|Any CPU
		{406168A0-F5DA-45EA-8E81-AD3743A3E38C}.Release|Any CPU.ActiveCfg = Release|Any CPU
		{406168A0-F5DA-45EA-8E81-AD3743A3E38C}.Release|Any CPU.Build.0 = Release|Any CPU
	EndGlobalSection
EndGlobal
